
Microsoft Visual Studio Solution File, Format Version 12.00
# Visual Studio Version 17
VisualStudioVersion = 17.2.32526.322
MinimumVisualStudioVersion = 10.0.40219.1
Project("{9A19103F-16F7-4668-BE54-9A1E7A4F7556}") = "Speckle.Addin", "Speckle.Addin\Speckle.Addin.csproj", "{EDE2E262-B770-4F8D-B4C6-6B4F22C83A7C}"
EndProject
Global
	GlobalSection(SolutionConfigurationPlatforms) = preSolution
		Debug|Any CPU = Debug|Any CPU
		Release|Any CPU = Release|Any CPU
	EndGlobalSection
	GlobalSection(ProjectConfigurationPlatforms) = postSolution
		{EDE2E262-B770-4F8D-B4C6-6B4F22C83A7C}.Debug|Any CPU.ActiveCfg = Debug|Any CPU
		{EDE2E262-B770-4F8D-B4C6-6B4F22C83A7C}.Debug|Any CPU.Build.0 = Debug|Any CPU
		{EDE2E262-B770-4F8D-B4C6-6B4F22C83A7C}.Release|Any CPU.ActiveCfg = Release|Any CPU
		{EDE2E262-B770-4F8D-B4C6-6B4F22C83A7C}.Release|Any CPU.Build.0 = Release|Any CPU
	EndGlobalSection
	GlobalSection(SolutionProperties) = preSolution
		HideSolutionNode = FALSE
	EndGlobalSection
	GlobalSection(ExtensibilityGlobals) = postSolution
		SolutionGuid = {843FF0C2-D35E-4866-AA8C-B04C74E08D1E}
	EndGlobalSection
EndGlobal
